# @generated - this file is auto-generated by `mise lock` https://mise.en.dev/dev-tools/mise-lock.html

[[tools.actionlint]]
version = "1.7.12"
backend = "aqua:rhysd/actionlint"

[[tools.go]]
version = "1.26.4"
backend = "core:go"

[[tools."go:github.com/golangci/golines"]]
version = "0.15.0"
backend = "go:github.com/golangci/golines"

[[tools.golangci-lint]]
version = "2.12.2"
backend = "aqua:golangci/golangci-lint"

[[tools.hk]]
version = "1.53.0"
backend = "aqua:jdx/hk"

[[tools.ls-lint]]
version = "2.3.0"
backend = "aqua:loeffel-io/ls-lint"

[[tools."pipx:commitizen"]]
version = "4.16.3"
backend = "pipx:commitizen"

[[tools.pkl]]
version = "0.31.1"
backend = "aqua:apple/pkl"

[[tools.tombi]]
version = "1.2.4"
backend = "aqua:tombi-toml/tombi"
