# @generated - this file is auto-generated by `mise lock` https://mise.en.dev/dev-tools/mise-lock.html

[[tools.actionlint]]
version = "1.7.12"
backend = "aqua:rhysd/actionlint"

[tools.actionlint."platforms.linux-arm64"]
checksum = "sha256:325e971b6ba9bfa504672e29be93c24981eeb1c07576d730e9f7c8805afff0c6"
url = "https://github.com/rhysd/actionlint/releases/download/v1.7.12/actionlint_1.7.12_linux_arm64.tar.gz"
url_api = "https://api.github.com/repos/rhysd/actionlint/releases/assets/384924897"
provenance = "github-attestations"

[tools.actionlint."platforms.linux-arm64-musl"]
checksum = "sha256:325e971b6ba9bfa504672e29be93c24981eeb1c07576d730e9f7c8805afff0c6"
url = "https://github.com/rhysd/actionlint/releases/download/v1.7.12/actionlint_1.7.12_linux_arm64.tar.gz"
url_api = "https://api.github.com/repos/rhysd/actionlint/releases/assets/384924897"
provenance = "github-attestations"

[tools.actionlint."platforms.linux-x64"]
checksum = "sha256:8aca8db96f1b94770f1b0d72b6dddcb1ebb8123cb3712530b08cc387b349a3d8"
url = "https://github.com/rhysd/actionlint/releases/download/v1.7.12/actionlint_1.7.12_linux_amd64.tar.gz"
url_api = "https://api.github.com/repos/rhysd/actionlint/releases/assets/384924896"
provenance = "github-attestations"

[tools.actionlint."platforms.linux-x64-musl"]
checksum = "sha256:8aca8db96f1b94770f1b0d72b6dddcb1ebb8123cb3712530b08cc387b349a3d8"
url = "https://github.com/rhysd/actionlint/releases/download/v1.7.12/actionlint_1.7.12_linux_amd64.tar.gz"
url_api = "https://api.github.com/repos/rhysd/actionlint/releases/assets/384924896"
provenance = "github-attestations"

[tools.actionlint."platforms.macos-arm64"]
checksum = "sha256:aba9ced2dee8d27fecca3dc7feb1a7f9a52caefa1eb46f3271ea66b6e0e6953f"
url = "https://github.com/rhysd/actionlint/releases/download/v1.7.12/actionlint_1.7.12_darwin_arm64.tar.gz"
url_api = "https://api.github.com/repos/rhysd/actionlint/releases/assets/384924893"
provenance = "github-attestations"

[tools.actionlint."platforms.macos-x64"]
checksum = "sha256:5b44c3bc2255115c9b69e30efc0fecdf498fdb63c5d58e17084fd5f16324c644"
url = "https://github.com/rhysd/actionlint/releases/download/v1.7.12/actionlint_1.7.12_darwin_amd64.tar.gz"
url_api = "https://api.github.com/repos/rhysd/actionlint/releases/assets/384924880"
provenance = "github-attestations"

[tools.actionlint."platforms.windows-x64"]
checksum = "sha256:6e7241b51e6817ea6a047693d8e6fed13b31819c9a0dd6c5a726e1592d22f6e9"
url = "https://github.com/rhysd/actionlint/releases/download/v1.7.12/actionlint_1.7.12_windows_amd64.zip"
url_api = "https://api.github.com/repos/rhysd/actionlint/releases/assets/384924919"
provenance = "github-attestations"

[[tools.go]]
version = "1.26.4"
backend = "core:go"

[tools.go."platforms.linux-arm64"]
checksum = "sha256:ef758ae7c6cf9267c9c0ef080b8965f453d89ab2d25d9eb22de4405925238768"
url = "https://dl.google.com/go/go1.26.4.linux-arm64.tar.gz"

[tools.go."platforms.linux-arm64-musl"]
checksum = "sha256:ef758ae7c6cf9267c9c0ef080b8965f453d89ab2d25d9eb22de4405925238768"
url = "https://dl.google.com/go/go1.26.4.linux-arm64.tar.gz"

[tools.go."platforms.linux-x64"]
checksum = "sha256:1153d3d50e0ac764b447adfe05c2bcf08e889d42a02e0fe0259bd47f6733ad7f"
url = "https://dl.google.com/go/go1.26.4.linux-amd64.tar.gz"

[tools.go."platforms.linux-x64-musl"]
checksum = "sha256:1153d3d50e0ac764b447adfe05c2bcf08e889d42a02e0fe0259bd47f6733ad7f"
url = "https://dl.google.com/go/go1.26.4.linux-amd64.tar.gz"

[tools.go."platforms.macos-arm64"]
checksum = "sha256:b62ad2b6d7d2464f12a5bcad7ff47f19d08325773b5efd21610e445a05a9bf53"
url = "https://dl.google.com/go/go1.26.4.darwin-arm64.tar.gz"

[tools.go."platforms.macos-x64"]
checksum = "sha256:05dc9b5f9997744520aaebb3d5deaa7c755371aebbfb7f97c2511a9f3367538d"
url = "https://dl.google.com/go/go1.26.4.darwin-amd64.tar.gz"

[tools.go."platforms.windows-x64"]
checksum = "sha256:3ca8fb4630b07c419cbdd51f754e31363cfcfb83b3a5354d9e895c90be2cc345"
url = "https://dl.google.com/go/go1.26.4.windows-amd64.zip"

[[tools."go:github.com/golangci/golines"]]
version = "0.14.0"
backend = "go:github.com/golangci/golines"

[[tools.golangci-lint]]
version = "2.8.0"
backend = "aqua:golangci/golangci-lint"

[tools.golangci-lint."platforms.linux-arm64"]
checksum = "sha256:2a58388db8af5ab9330791cea0ebdd4100723cd05ad7185d92febaaee272ec9a"
url = "https://github.com/golangci/golangci-lint/releases/download/v2.8.0/golangci-lint-2.8.0-linux-arm64.tar.gz"
url_api = "https://api.github.com/repos/golangci/golangci-lint/releases/assets/337581643"
provenance = "github-attestations"

[tools.golangci-lint."platforms.linux-arm64-musl"]
checksum = "sha256:2a58388db8af5ab9330791cea0ebdd4100723cd05ad7185d92febaaee272ec9a"
url = "https://github.com/golangci/golangci-lint/releases/download/v2.8.0/golangci-lint-2.8.0-linux-arm64.tar.gz"
url_api = "https://api.github.com/repos/golangci/golangci-lint/releases/assets/337581643"
provenance = "github-attestations"

[tools.golangci-lint."platforms.linux-x64"]
checksum = "sha256:7048bc6b25c9515ed092c83f9fa8709ca97937ead52d9ff317a143299ee97a50"
url = "https://github.com/golangci/golangci-lint/releases/download/v2.8.0/golangci-lint-2.8.0-linux-amd64.tar.gz"
url_api = "https://api.github.com/repos/golangci/golangci-lint/releases/assets/337581646"
provenance = "github-attestations"

[tools.golangci-lint."platforms.linux-x64-musl"]
checksum = "sha256:7048bc6b25c9515ed092c83f9fa8709ca97937ead52d9ff317a143299ee97a50"
url = "https://github.com/golangci/golangci-lint/releases/download/v2.8.0/golangci-lint-2.8.0-linux-amd64.tar.gz"
url_api = "https://api.github.com/repos/golangci/golangci-lint/releases/assets/337581646"
provenance = "github-attestations"

[tools.golangci-lint."platforms.macos-arm64"]
checksum = "sha256:6f8979a83117e0607d4b85ff486382ef0404440bbf54f0e6f003ceab6ccf641e"
url = "https://github.com/golangci/golangci-lint/releases/download/v2.8.0/golangci-lint-2.8.0-darwin-arm64.tar.gz"
url_api = "https://api.github.com/repos/golangci/golangci-lint/releases/assets/337581678"
provenance = "github-attestations"

[tools.golangci-lint."platforms.macos-x64"]
checksum = "sha256:164c72806d0e31ab19da4f08fff748a3fdc57e241851279b666c945ed9b91830"
url = "https://github.com/golangci/golangci-lint/releases/download/v2.8.0/golangci-lint-2.8.0-darwin-amd64.tar.gz"
url_api = "https://api.github.com/repos/golangci/golangci-lint/releases/assets/337581645"
provenance = "github-attestations"

[tools.golangci-lint."platforms.windows-x64"]
checksum = "sha256:22428168a9406f79853bf9a198b66e88ded9faa57cf85e5d225361f457f33513"
url = "https://github.com/golangci/golangci-lint/releases/download/v2.8.0/golangci-lint-2.8.0-windows-amd64.zip"
url_api = "https://api.github.com/repos/golangci/golangci-lint/releases/assets/337581688"
provenance = "github-attestations"

[[tools.hk]]
version = "1.32.0"
backend = "aqua:jdx/hk"

[tools.hk."platforms.linux-arm64"]
checksum = "sha256:ce5bea80a8f76b9ed6f7b622a20c89ef5a9711c7636eec3c33640ec2353c0821"
url = "https://github.com/jdx/hk/releases/download/v1.32.0/hk-aarch64-unknown-linux-gnu.tar.gz"
url_api = "https://api.github.com/repos/jdx/hk/releases/assets/342837932"

[tools.hk."platforms.linux-x64"]
checksum = "sha256:a9be5dfe77e707ae1d27c54349b47d53059279f2125d7e55eeb56c4bb312d70a"
url = "https://github.com/jdx/hk/releases/download/v1.32.0/hk-x86_64-unknown-linux-gnu.tar.gz"
url_api = "https://api.github.com/repos/jdx/hk/releases/assets/342837936"

[tools.hk."platforms.macos-arm64"]
checksum = "sha256:4c3afc7acbcb7ee70aa6389a4af6835ff96c5771acd211b4da20080339eae014"
url = "https://github.com/jdx/hk/releases/download/v1.32.0/hk-aarch64-apple-darwin.tar.gz"
url_api = "https://api.github.com/repos/jdx/hk/releases/assets/342837935"

[tools.hk."platforms.windows-x64"]
checksum = "sha256:580b37a53c42bcae68a0f970ffeb08825503684bf270656510c2fde44f86cad8"
url = "https://github.com/jdx/hk/releases/download/v1.32.0/hk-x86_64-pc-windows-msvc.zip"
url_api = "https://api.github.com/repos/jdx/hk/releases/assets/342837933"

[[tools.ls-lint]]
version = "2.3.0"
backend = "aqua:loeffel-io/ls-lint"

[tools.ls-lint."platforms.linux-arm64"]
checksum = "sha256:5609bb221bc22c648c89040b6d2ceabe5dabd426984bc8a0411622ca50ca29ca"
url = "https://github.com/loeffel-io/ls-lint/releases/download/v2.3.0/ls-lint-linux-arm64"
url_api = "https://api.github.com/repos/loeffel-io/ls-lint/releases/assets/241256871"

[tools.ls-lint."platforms.linux-arm64-musl"]
checksum = "sha256:5609bb221bc22c648c89040b6d2ceabe5dabd426984bc8a0411622ca50ca29ca"
url = "https://github.com/loeffel-io/ls-lint/releases/download/v2.3.0/ls-lint-linux-arm64"
url_api = "https://api.github.com/repos/loeffel-io/ls-lint/releases/assets/241256871"

[tools.ls-lint."platforms.linux-x64"]
checksum = "sha256:bc38be56fcf6e973a57b3977a72d4c7030c8f6324fd72998a5c6ec5fd5c56ba1"
url = "https://github.com/loeffel-io/ls-lint/releases/download/v2.3.0/ls-lint-linux-amd64"
url_api = "https://api.github.com/repos/loeffel-io/ls-lint/releases/assets/241256868"

[tools.ls-lint."platforms.linux-x64-musl"]
checksum = "sha256:bc38be56fcf6e973a57b3977a72d4c7030c8f6324fd72998a5c6ec5fd5c56ba1"
url = "https://github.com/loeffel-io/ls-lint/releases/download/v2.3.0/ls-lint-linux-amd64"
url_api = "https://api.github.com/repos/loeffel-io/ls-lint/releases/assets/241256868"

[tools.ls-lint."platforms.macos-arm64"]
checksum = "sha256:3eda656de29cc275870817234e8598f9af0ce822e73b256d5b5635612bddc54e"
url = "https://github.com/loeffel-io/ls-lint/releases/download/v2.3.0/ls-lint-darwin-arm64"
url_api = "https://api.github.com/repos/loeffel-io/ls-lint/releases/assets/241256863"

[tools.ls-lint."platforms.macos-x64"]
checksum = "sha256:fcea82461330c0ab1232258bb3a53ece170722e5ebc46323532be2d2cfea1069"
url = "https://github.com/loeffel-io/ls-lint/releases/download/v2.3.0/ls-lint-darwin-amd64"
url_api = "https://api.github.com/repos/loeffel-io/ls-lint/releases/assets/241256864"

[tools.ls-lint."platforms.windows-x64"]
checksum = "sha256:2342087e7a1e0d99b9c5f21774621deef9ad0015f3d285fc18605205f9065170"
url = "https://github.com/loeffel-io/ls-lint/releases/download/v2.3.0/ls-lint-windows-amd64.exe"
url_api = "https://api.github.com/repos/loeffel-io/ls-lint/releases/assets/241256878"

[[tools."pipx:commitizen"]]
version = "4.16.3"
backend = "pipx:commitizen"

[[tools."pipx:pre-commit-hooks"]]
version = "6.0.0"
backend = "pipx:pre-commit-hooks"

[[tools."pipx:toml-sort"]]
version = "0.24.4"
backend = "pipx:toml-sort"
